
Microsoft Visual Studio Solution File, Format Version 12.00
# Visual Studio 14
VisualStudioVersion = 14.0.23107.0
MinimumVisualStudioVersion = 10.0.40219.1
Project("{FAE04EC0-301F-11D3-BF4B-00C04F79EFBC}") = "image", "image\image.csproj", "{D997AE84-2858-47BA-87C7-4DEB38449564}"
EndProject
Project("{FAE04EC0-301F-11D3-BF4B-00C04F79EFBC}") = "image.UITests", "image.UITests\image.UITests.csproj", "{78324900-6A41-44CE-BFF0-37E62145CEB5}"
EndProject
Global
	GlobalSection(SolutionConfigurationPlatforms) = preSolution
		Debug|Any CPU = Debug|Any CPU
		Release|Any CPU = Release|Any CPU
	EndGlobalSection
	GlobalSection(ProjectConfigurationPlatforms) = postSolution
		{D997AE84-2858-47BA-87C7-4DEB38449564}.Debug|Any CPU.ActiveCfg = Debug|Any CPU
		{D997AE84-2858-47BA-87C7-4DEB38449564}.Debug|Any CPU.Build.0 = Debug|Any CPU
		{D997AE84-2858-47BA-87C7-4DEB38449564}.Debug|Any CPU.Deploy.0 = Debug|Any CPU
		{D997AE84-2858-47BA-87C7-4DEB38449564}.Release|Any CPU.ActiveCfg = Release|Any CPU
		{D997AE84-2858-47BA-87C7-4DEB38449564}.Release|Any CPU.Build.0 = Release|Any CPU
		{D997AE84-2858-47BA-87C7-4DEB38449564}.Release|Any CPU.Deploy.0 = Release|Any CPU
		{78324900-6A41-44CE-BFF0-37E62145CEB5}.Debug|Any CPU.ActiveCfg = Debug|Any CPU
		{78324900-6A41-44CE-BFF0-37E62145CEB5}.Debug|Any CPU.Build.0 = Debug|Any CPU
		{78324900-6A41-44CE-BFF0-37E62145CEB5}.Release|Any CPU.ActiveCfg = Release|Any CPU
		{78324900-6A41-44CE-BFF0-37E62145CEB5}.Release|Any CPU.Build.0 = Release|Any CPU
	EndGlobalSection
	GlobalSection(SolutionProperties) = preSolution
		HideSolutionNode = FALSE
	EndGlobalSection
EndGlobal
