
Microsoft Visual Studio Solution File, Format Version 12.00
# Visual Studio 2012
Project("{FAE04EC0-301F-11D3-BF4B-00C04F79EFBC}") = "DBChooserApp.Android", "DBChooserApp.Android\DBChooserApp.Android.csproj", "{1F983437-E25C-48E5-BAE1-5BAE9869AF9B}"
EndProject
Global
	GlobalSection(SolutionConfigurationPlatforms) = preSolution
		Debug|Any CPU = Debug|Any CPU
		Release|Any CPU = Release|Any CPU
	EndGlobalSection
	GlobalSection(ProjectConfigurationPlatforms) = postSolution
		{1F983437-E25C-48E5-BAE1-5BAE9869AF9B}.Debug|Any CPU.ActiveCfg = Debug|Any CPU
		{1F983437-E25C-48E5-BAE1-5BAE9869AF9B}.Debug|Any CPU.Build.0 = Debug|Any CPU
		{1F983437-E25C-48E5-BAE1-5BAE9869AF9B}.Release|Any CPU.ActiveCfg = Release|Any CPU
		{1F983437-E25C-48E5-BAE1-5BAE9869AF9B}.Release|Any CPU.Build.0 = Release|Any CPU
	EndGlobalSection
EndGlobal
