
Microsoft Visual Studio Solution File, Format Version 11.00
# Visual Studio 2010
Project("{FAE04EC0-301F-11D3-BF4B-00C04F79EFBC}") = "DBChooserApp-Classic", "DBChooserApp\DBChooserApp-Classic.csproj", "{61A7BD37-AC58-4946-A36E-55D6B57A1073}"
EndProject
Global
	GlobalSection(SolutionConfigurationPlatforms) = preSolution
		Debug|Any CPU = Debug|Any CPU
		Release|Any CPU = Release|Any CPU
		Debug|iPhoneSimulator = Debug|iPhoneSimulator
		Release|iPhoneSimulator = Release|iPhoneSimulator
		Debug|iPhone = Debug|iPhone
		Release|iPhone = Release|iPhone
		Ad-Hoc|iPhone = Ad-Hoc|iPhone
		AppStore|iPhone = AppStore|iPhone
	EndGlobalSection
	GlobalSection(ProjectConfigurationPlatforms) = postSolution
		{61A7BD37-AC58-4946-A36E-55D6B57A1073}.Ad-Hoc|iPhone.ActiveCfg = Ad-Hoc|iPhone
		{61A7BD37-AC58-4946-A36E-55D6B57A1073}.Ad-Hoc|iPhone.Build.0 = Ad-Hoc|iPhone
		{61A7BD37-AC58-4946-A36E-55D6B57A1073}.AppStore|iPhone.ActiveCfg = AppStore|iPhone
		{61A7BD37-AC58-4946-A36E-55D6B57A1073}.AppStore|iPhone.Build.0 = AppStore|iPhone
		{61A7BD37-AC58-4946-A36E-55D6B57A1073}.Debug|Any CPU.ActiveCfg = Debug|iPhoneSimulator
		{61A7BD37-AC58-4946-A36E-55D6B57A1073}.Debug|Any CPU.Build.0 = Debug|iPhoneSimulator
		{61A7BD37-AC58-4946-A36E-55D6B57A1073}.Debug|iPhone.ActiveCfg = Debug|iPhone
		{61A7BD37-AC58-4946-A36E-55D6B57A1073}.Debug|iPhone.Build.0 = Debug|iPhone
		{61A7BD37-AC58-4946-A36E-55D6B57A1073}.Debug|iPhoneSimulator.ActiveCfg = Debug|iPhoneSimulator
		{61A7BD37-AC58-4946-A36E-55D6B57A1073}.Debug|iPhoneSimulator.Build.0 = Debug|iPhoneSimulator
		{61A7BD37-AC58-4946-A36E-55D6B57A1073}.Release|Any CPU.ActiveCfg = Release|iPhoneSimulator
		{61A7BD37-AC58-4946-A36E-55D6B57A1073}.Release|Any CPU.Build.0 = Release|iPhoneSimulator
		{61A7BD37-AC58-4946-A36E-55D6B57A1073}.Release|iPhone.ActiveCfg = Release|iPhone
		{61A7BD37-AC58-4946-A36E-55D6B57A1073}.Release|iPhone.Build.0 = Release|iPhone
		{61A7BD37-AC58-4946-A36E-55D6B57A1073}.Release|iPhoneSimulator.ActiveCfg = Release|iPhoneSimulator
		{61A7BD37-AC58-4946-A36E-55D6B57A1073}.Release|iPhoneSimulator.Build.0 = Release|iPhoneSimulator
	EndGlobalSection
	GlobalSection(MonoDevelopProperties) = preSolution
		StartupItem = DBChooserApp\DBChooserApp-Classic.csproj
	EndGlobalSection
EndGlobal
